// !$*UTF8*$!
{
	archiveVersion = 1;
	classes = {
	};
	objectVersion = 46;
	objects = {

/* Begin PBXBuildFile section */
		D1F9F7A818FF7BFC00EC1467 /* Foundation.framework in Frameworks */ = {isa = PBXBuildFile; fileRef = D1F9F7A718FF7BFC00EC1467 /* Foundation.framework */; };
		D1F9F7AA18FF7BFC00EC1467 /* CoreGraphics.framework in Frameworks */ = {isa = PBXBuildFile; fileRef = D1F9F7A918FF7BFC00EC1467 /* CoreGraphics.framework */; };
		D1F9F7AC18FF7BFC00EC1467 /* UIKit.framework in Frameworks */ = {isa = PBXBuildFile; fileRef = D1F9F7AB18FF7BFC00EC1467 /* UIKit.framework */; };
		D1F9F7B218FF7BFC00EC1467 /* InfoPlist.strings in Resources */ = {isa = PBXBuildFile; fileRef = D1F9F7B018FF7BFC00EC1467 /* InfoPlist.strings */; };
		D1F9F7B418FF7BFC00EC1467 /* main.m in Sources */ = {isa = PBXBuildFile; fileRef = D1F9F7B318FF7BFC00EC1467 /* main.m */; };
		D1F9F7B818FF7BFC00EC1467 /* AppDelegate.m in Sources */ = {isa = PBXBuildFile; fileRef = D1F9F7B718FF7BFC00EC1467 /* AppDelegate.m */; };
		D1F9F7BB18FF7BFC00EC1467 /* Main_iPhone.storyboard in Resources */ = {isa = PBXBuildFile; fileRef = D1F9F7B918FF7BFC00EC1467 /* Main_iPhone.storyboard */; };
		D1F9F7BE18FF7BFC00EC1467 /* Main_iPad.storyboard in Resources */ = {isa = PBXBuildFile; fileRef = D1F9F7BC18FF7BFC00EC1467 /* Main_iPad.storyboard */; };
		D1F9F7C118FF7BFC00EC1467 /* ViewController.m in Sources */ = {isa = PBXBuildFile; fileRef = D1F9F7C018FF7BFC00EC1467 /* ViewController.m */; };
		D1F9F7C318FF7BFC00EC1467 /* Images.xcassets in Resources */ = {isa = PBXBuildFile; fileRef = D1F9F7C218FF7BFC00EC1467 /* Images.xcassets */; };
		D1F9F7CA18FF7BFC00EC1467 /* XCTest.framework in Frameworks */ = {isa = PBXBuildFile; fileRef = D1F9F7C918FF7BFC00EC1467 /* XCTest.framework */; };
		D1F9F7CB18FF7BFC00EC1467 /* Foundation.framework in Frameworks */ = {isa = PBXBuildFile; fileRef = D1F9F7A718FF7BFC00EC1467 /* Foundation.framework */; };
		D1F9F7CC18FF7BFC00EC1467 /* UIKit.framework in Frameworks */ = {isa = PBXBuildFile; fileRef = D1F9F7AB18FF7BFC00EC1467 /* UIKit.framework */; };
		D1F9F7D418FF7BFC00EC1467 /* InfoPlist.strings in Resources */ = {isa = PBXBuildFile; fileRef = D1F9F7D218FF7BFC00EC1467 /* InfoPlist.strings */; };
		D1F9F7D618FF7BFC00EC1467 /* Pre_KTests.m in Sources */ = {isa = PBXBuildFile; fileRef = D1F9F7D518FF7BFC00EC1467 /* Pre_KTests.m */; };
/* End PBXBuildFile section */

/* Begin PBXContainerItemProxy section */
		D1F9F7CD18FF7BFC00EC1467 /* PBXContainerItemProxy */ = {
			isa = PBXContainerItemProxy;
			containerPortal = D1F9F79C18FF7BFC00EC1467 /* Project object */;
			proxyType = 1;
			remoteGlobalIDString = D1F9F7A318FF7BFC00EC1467;
			remoteInfo = "Pre-K";
		};
/* End PBXContainerItemProxy section */

/* Begin PBXFileReference section */
		D1F9F7A418FF7BFC00EC1467 /* Pre-K.app */ = {isa = PBXFileReference; explicitFileType = wrapper.application; includeInIndex = 0; path = "Pre-K.app"; sourceTree = BUILT_PRODUCTS_DIR; };
		D1F9F7A718FF7BFC00EC1467 /* Foundation.framework */ = {isa = PBXFileReference; lastKnownFileType = wrapper.framework; name = Foundation.framework; path = System/Library/Frameworks/Foundation.framework; sourceTree = SDKROOT; };
		D1F9F7A918FF7BFC00EC1467 /* CoreGraphics.framework */ = {isa = PBXFileReference; lastKnownFileType = wrapper.framework; name = CoreGraphics.framework; path = System/Library/Frameworks/CoreGraphics.framework; sourceTree = SDKROOT; };
		D1F9F7AB18FF7BFC00EC1467 /* UIKit.framework */ = {isa = PBXFileReference; lastKnownFileType = wrapper.framework; name = UIKit.framework; path = System/Library/Frameworks/UIKit.framework; sourceTree = SDKROOT; };
		D1F9F7AF18FF7BFC00EC1467 /* Pre-K-Info.plist */ = {isa = PBXFileReference; lastKnownFileType = text.plist.xml; path = "Pre-K-Info.plist"; sourceTree = "<group>"; };
		D1F9F7B118FF7BFC00EC1467 /* en */ = {isa = PBXFileReference; lastKnownFileType = text.plist.strings; name = en; path = en.lproj/InfoPlist.strings; sourceTree = "<group>"; };
		D1F9F7B318FF7BFC00EC1467 /* main.m */ = {isa = PBXFileReference; lastKnownFileType = sourcecode.c.objc; path = main.m; sourceTree = "<group>"; };
		D1F9F7B518FF7BFC00EC1467 /* Pre-K-Prefix.pch */ = {isa = PBXFileReference; lastKnownFileType = sourcecode.c.h; path = "Pre-K-Prefix.pch"; sourceTree = "<group>"; };
		D1F9F7B618FF7BFC00EC1467 /* AppDelegate.h */ = {isa = PBXFileReference; lastKnownFileType = sourcecode.c.h; path = AppDelegate.h; sourceTree = "<group>"; };
		D1F9F7B718FF7BFC00EC1467 /* AppDelegate.m */ = {isa = PBXFileReference; lastKnownFileType = sourcecode.c.objc; path = AppDelegate.m; sourceTree = "<group>"; };
		D1F9F7BA18FF7BFC00EC1467 /* Base */ = {isa = PBXFileReference; lastKnownFileType = file.storyboard; name = Base; path = Base.lproj/Main_iPhone.storyboard; sourceTree = "<group>"; };
		D1F9F7BD18FF7BFC00EC1467 /* Base */ = {isa = PBXFileReference; lastKnownFileType = file.storyboard; name = Base; path = Base.lproj/Main_iPad.storyboard; sourceTree = "<group>"; };
		D1F9F7BF18FF7BFC00EC1467 /* ViewController.h */ = {isa = PBXFileReference; lastKnownFileType = sourcecode.c.h; path = ViewController.h; sourceTree = "<group>"; };
		D1F9F7C018FF7BFC00EC1467 /* ViewController.m */ = {isa = PBXFileReference; lastKnownFileType = sourcecode.c.objc; path = ViewController.m; sourceTree = "<group>"; };
		D1F9F7C218FF7BFC00EC1467 /* Images.xcassets */ = {isa = PBXFileReference; lastKnownFileType = folder.assetcatalog; path = Images.xcassets; sourceTree = "<group>"; };
		D1F9F7C818FF7BFC00EC1467 /* Pre-KTests.xctest */ = {isa = PBXFileReference; explicitFileType = wrapper.cfbundle; includeInIndex = 0; path = "Pre-KTests.xctest"; sourceTree = BUILT_PRODUCTS_DIR; };
		D1F9F7C918FF7BFC00EC1467 /* XCTest.framework */ = {isa = PBXFileReference; lastKnownFileType = wrapper.framework; name = XCTest.framework; path = Library/Frameworks/XCTest.framework; sourceTree = DEVELOPER_DIR; };
		D1F9F7D118FF7BFC00EC1467 /* Pre-KTests-Info.plist */ = {isa = PBXFileReference; lastKnownFileType = text.plist.xml; path = "Pre-KTests-Info.plist"; sourceTree = "<group>"; };
		D1F9F7D318FF7BFC00EC1467 /* en */ = {isa = PBXFileReference; lastKnownFileType = text.plist.strings; name = en; path = en.lproj/InfoPlist.strings; sourceTree = "<group>"; };
		D1F9F7D518FF7BFC00EC1467 /* Pre_KTests.m */ = {isa = PBXFileReference; lastKnownFileType = sourcecode.c.objc; path = Pre_KTests.m; sourceTree = "<group>"; };
/* End PBXFileReference section */

/* Begin PBXFrameworksBuildPhase section */
		D1F9F7A118FF7BFC00EC1467 /* Frameworks */ = {
			isa = PBXFrameworksBuildPhase;
			buildActionMask = 2147483647;
			files = (
				D1F9F7AA18FF7BFC00EC1467 /* CoreGraphics.framework in Frameworks */,
				D1F9F7AC18FF7BFC00EC1467 /* UIKit.framework in Frameworks */,
				D1F9F7A818FF7BFC00EC1467 /* Foundation.framework in Frameworks */,
			);
			runOnlyForDeploymentPostprocessing = 0;
		};
		D1F9F7C518FF7BFC00EC1467 /* Frameworks */ = {
			isa = PBXFrameworksBuildPhase;
			buildActionMask = 2147483647;
			files = (
				D1F9F7CA18FF7BFC00EC1467 /* XCTest.framework in Frameworks */,
				D1F9F7CC18FF7BFC00EC1467 /* UIKit.framework in Frameworks */,
				D1F9F7CB18FF7BFC00EC1467 /* Foundation.framework in Frameworks */,
			);
			runOnlyForDeploymentPostprocessing = 0;
		};
/* End PBXFrameworksBuildPhase section */

/* Begin PBXGroup section */
		D1F9F79B18FF7BFC00EC1467 = {
			isa = PBXGroup;
			children = (
				D1F9F7AD18FF7BFC00EC1467 /* Pre-K */,
				D1F9F7CF18FF7BFC00EC1467 /* Pre-KTests */,
				D1F9F7A618FF7BFC00EC1467 /* Frameworks */,
				D1F9F7A518FF7BFC00EC1467 /* Products */,
			);
			sourceTree = "<group>";
		};
		D1F9F7A518FF7BFC00EC1467 /* Products */ = {
			isa = PBXGroup;
			children = (
				D1F9F7A418FF7BFC00EC1467 /* Pre-K.app */,
				D1F9F7C818FF7BFC00EC1467 /* Pre-KTests.xctest */,
			);
			name = Products;
			sourceTree = "<group>";
		};
		D1F9F7A618FF7BFC00EC1467 /* Frameworks */ = {
			isa = PBXGroup;
			children = (
				D1F9F7A718FF7BFC00EC1467 /* Foundation.framework */,
				D1F9F7A918FF7BFC00EC1467 /* CoreGraphics.framework */,
				D1F9F7AB18FF7BFC00EC1467 /* UIKit.framework */,
				D1F9F7C918FF7BFC00EC1467 /* XCTest.framework */,
			);
			name = Frameworks;
			sourceTree = "<group>";
		};
		D1F9F7AD18FF7BFC00EC1467 /* Pre-K */ = {
			isa = PBXGroup;
			children = (
				D1F9F7B618FF7BFC00EC1467 /* AppDelegate.h */,
				D1F9F7B718FF7BFC00EC1467 /* AppDelegate.m */,
				D1F9F7B918FF7BFC00EC1467 /* Main_iPhone.storyboard */,
				D1F9F7BC18FF7BFC00EC1467 /* Main_iPad.storyboard */,
				D1F9F7BF18FF7BFC00EC1467 /* ViewController.h */,
				D1F9F7C018FF7BFC00EC1467 /* ViewController.m */,
				D1F9F7C218FF7BFC00EC1467 /* Images.xcassets */,
				D1F9F7AE18FF7BFC00EC1467 /* Supporting Files */,
			);
			path = "Pre-K";
			sourceTree = "<group>";
		};
		D1F9F7AE18FF7BFC00EC1467 /* Supporting Files */ = {
			isa = PBXGroup;
			children = (
				D1F9F7AF18FF7BFC00EC1467 /* Pre-K-Info.plist */,
				D1F9F7B018FF7BFC00EC1467 /* InfoPlist.strings */,
				D1F9F7B318FF7BFC00EC1467 /* main.m */,
				D1F9F7B518FF7BFC00EC1467 /* Pre-K-Prefix.pch */,
			);
			name = "Supporting Files";
			sourceTree = "<group>";
		};
		D1F9F7CF18FF7BFC00EC1467 /* Pre-KTests */ = {
			isa = PBXGroup;
			children = (
				D1F9F7D518FF7BFC00EC1467 /* Pre_KTests.m */,
				D1F9F7D018FF7BFC00EC1467 /* Supporting Files */,
			);
			path = "Pre-KTests";
			sourceTree = "<group>";
		};
		D1F9F7D018FF7BFC00EC1467 /* Supporting Files */ = {
			isa = PBXGroup;
			children = (
				D1F9F7D118FF7BFC00EC1467 /* Pre-KTests-Info.plist */,
				D1F9F7D218FF7BFC00EC1467 /* InfoPlist.strings */,
			);
			name = "Supporting Files";
			sourceTree = "<group>";
		};
/* End PBXGroup section */

/* Begin PBXNativeTarget section */
		D1F9F7A318FF7BFC00EC1467 /* Pre-K */ = {
			isa = PBXNativeTarget;
			buildConfigurationList = D1F9F7D918FF7BFC00EC1467 /* Build configuration list for PBXNativeTarget "Pre-K" */;
			buildPhases = (
				D1F9F7A018FF7BFC00EC1467 /* Sources */,
				D1F9F7A118FF7BFC00EC1467 /* Frameworks */,
				D1F9F7A218FF7BFC00EC1467 /* Resources */,
			);
			buildRules = (
			);
			dependencies = (
			);
			name = "Pre-K";
			productName = "Pre-K";
			productReference = D1F9F7A418FF7BFC00EC1467 /* Pre-K.app */;
			productType = "com.apple.product-type.application";
		};
		D1F9F7C718FF7BFC00EC1467 /* Pre-KTests */ = {
			isa = PBXNativeTarget;
			buildConfigurationList = D1F9F7DC18FF7BFC00EC1467 /* Build configuration list for PBXNativeTarget "Pre-KTests" */;
			buildPhases = (
				D1F9F7C418FF7BFC00EC1467 /* Sources */,
				D1F9F7C518FF7BFC00EC1467 /* Frameworks */,
				D1F9F7C618FF7BFC00EC1467 /* Resources */,
			);
			buildRules = (
			);
			dependencies = (
				D1F9F7CE18FF7BFC00EC1467 /* PBXTargetDependency */,
			);
			name = "Pre-KTests";
			productName = "Pre-KTests";
			productReference = D1F9F7C818FF7BFC00EC1467 /* Pre-KTests.xctest */;
			productType = "com.apple.product-type.bundle.unit-test";
		};
/* End PBXNativeTarget section */

/* Begin PBXProject section */
		D1F9F79C18FF7BFC00EC1467 /* Project object */ = {
			isa = PBXProject;
			attributes = {
				LastUpgradeCheck = 0510;
				ORGANIZATIONNAME = "Nathan Burgess";
				TargetAttributes = {
					D1F9F7C718FF7BFC00EC1467 = {
						TestTargetID = D1F9F7A318FF7BFC00EC1467;
					};
				};
			};
			buildConfigurationList = D1F9F79F18FF7BFC00EC1467 /* Build configuration list for PBXProject "Pre-K" */;
			compatibilityVersion = "Xcode 3.2";
			developmentRegion = English;
			hasScannedForEncodings = 0;
			knownRegions = (
				en,
				Base,
			);
			mainGroup = D1F9F79B18FF7BFC00EC1467;
			productRefGroup = D1F9F7A518FF7BFC00EC1467 /* Products */;
			projectDirPath = "";
			projectRoot = "";
			targets = (
				D1F9F7A318FF7BFC00EC1467 /* Pre-K */,
				D1F9F7C718FF7BFC00EC1467 /* Pre-KTests */,
			);
		};
/* End PBXProject section */

/* Begin PBXResourcesBuildPhase section */
		D1F9F7A218FF7BFC00EC1467 /* Resources */ = {
			isa = PBXResourcesBuildPhase;
			buildActionMask = 2147483647;
			files = (
				D1F9F7BE18FF7BFC00EC1467 /* Main_iPad.storyboard in Resources */,
				D1F9F7C318FF7BFC00EC1467 /* Images.xcassets in Resources */,
				D1F9F7BB18FF7BFC00EC1467 /* Main_iPhone.storyboard in Resources */,
				D1F9F7B218FF7BFC00EC1467 /* InfoPlist.strings in Resources */,
			);
			runOnlyForDeploymentPostprocessing = 0;
		};
		D1F9F7C618FF7BFC00EC1467 /* Resources */ = {
			isa = PBXResourcesBuildPhase;
			buildActionMask = 2147483647;
			files = (
				D1F9F7D418FF7BFC00EC1467 /* InfoPlist.strings in Resources */,
			);
			runOnlyForDeploymentPostprocessing = 0;
		};
/* End PBXResourcesBuildPhase section */

/* Begin PBXSourcesBuildPhase section */
		D1F9F7A018FF7BFC00EC1467 /* Sources */ = {
			isa = PBXSourcesBuildPhase;
			buildActionMask = 2147483647;
			files = (
				D1F9F7C118FF7BFC00EC1467 /* ViewController.m in Sources */,
				D1F9F7B818FF7BFC00EC1467 /* AppDelegate.m in Sources */,
				D1F9F7B418FF7BFC00EC1467 /* main.m in Sources */,
			);
			runOnlyForDeploymentPostprocessing = 0;
		};
		D1F9F7C418FF7BFC00EC1467 /* Sources */ = {
			isa = PBXSourcesBuildPhase;
			buildActionMask = 2147483647;
			files = (
				D1F9F7D618FF7BFC00EC1467 /* Pre_KTests.m in Sources */,
			);
			runOnlyForDeploymentPostprocessing = 0;
		};
/* End PBXSourcesBuildPhase section */

/* Begin PBXTargetDependency section */
		D1F9F7CE18FF7BFC00EC1467 /* PBXTargetDependency */ = {
			isa = PBXTargetDependency;
			target = D1F9F7A318FF7BFC00EC1467 /* Pre-K */;
			targetProxy = D1F9F7CD18FF7BFC00EC1467 /* PBXContainerItemProxy */;
		};
/* End PBXTargetDependency section */

/* Begin PBXVariantGroup section */
		D1F9F7B018FF7BFC00EC1467 /* InfoPlist.strings */ = {
			isa = PBXVariantGroup;
			children = (
				D1F9F7B118FF7BFC00EC1467 /* en */,
			);
			name = InfoPlist.strings;
			sourceTree = "<group>";
		};
		D1F9F7B918FF7BFC00EC1467 /* Main_iPhone.storyboard */ = {
			isa = PBXVariantGroup;
			children = (
				D1F9F7BA18FF7BFC00EC1467 /* Base */,
			);
			name = Main_iPhone.storyboard;
			sourceTree = "<group>";
		};
		D1F9F7BC18FF7BFC00EC1467 /* Main_iPad.storyboard */ = {
			isa = PBXVariantGroup;
			children = (
				D1F9F7BD18FF7BFC00EC1467 /* Base */,
			);
			name = Main_iPad.storyboard;
			sourceTree = "<group>";
		};
		D1F9F7D218FF7BFC00EC1467 /* InfoPlist.strings */ = {
			isa = PBXVariantGroup;
			children = (
				D1F9F7D318FF7BFC00EC1467 /* en */,
			);
			name = InfoPlist.strings;
			sourceTree = "<group>";
		};
/* End PBXVariantGroup section */

/* Begin XCBuildConfiguration section */
		D1F9F7D718FF7BFC00EC1467 /* Debug */ = {
			isa = XCBuildConfiguration;
			buildSettings = {
				ALWAYS_SEARCH_USER_PATHS = NO;
				CLANG_CXX_LANGUAGE_STANDARD = "gnu++0x";
				CLANG_CXX_LIBRARY = "libc++";
				CLANG_ENABLE_MODULES = YES;
				CLANG_ENABLE_OBJC_ARC = YES;
				CLANG_WARN_BOOL_CONVERSION = YES;
				CLANG_WARN_CONSTANT_CONVERSION = YES;
				CLANG_WARN_DIRECT_OBJC_ISA_USAGE = YES_ERROR;
				CLANG_WARN_EMPTY_BODY = YES;
				CLANG_WARN_ENUM_CONVERSION = YES;
				CLANG_WARN_INT_CONVERSION = YES;
				CLANG_WARN_OBJC_ROOT_CLASS = YES_ERROR;
				CLANG_WARN__DUPLICATE_METHOD_MATCH = YES;
				"CODE_SIGN_IDENTITY[sdk=iphoneos*]" = "iPhone Developer";
				COPY_PHASE_STRIP = NO;
				GCC_C_LANGUAGE_STANDARD = gnu99;
				GCC_DYNAMIC_NO_PIC = NO;
				GCC_OPTIMIZATION_LEVEL = 0;
				GCC_PREPROCESSOR_DEFINITIONS = (
					"DEBUG=1",
					"$(inherited)",
				);
				GCC_SYMBOLS_PRIVATE_EXTERN = NO;
				GCC_WARN_64_TO_32_BIT_CONVERSION = YES;
				GCC_WARN_ABOUT_RETURN_TYPE = YES_ERROR;
				GCC_WARN_UNDECLARED_SELECTOR = YES;
				GCC_WARN_UNINITIALIZED_AUTOS = YES_AGGRESSIVE;
				GCC_WARN_UNUSED_FUNCTION = YES;
				GCC_WARN_UNUSED_VARIABLE = YES;
				IPHONEOS_DEPLOYMENT_TARGET = 7.1;
				ONLY_ACTIVE_ARCH = YES;
				SDKROOT = iphoneos;
				TARGETED_DEVICE_FAMILY = "1,2";
			};
			name = Debug;
		};
		D1F9F7D818FF7BFC00EC1467 /* Release */ = {
			isa = XCBuildConfiguration;
			buildSettings = {
				ALWAYS_SEARCH_USER_PATHS = NO;
				CLANG_CXX_LANGUAGE_STANDARD = "gnu++0x";
				CLANG_CXX_LIBRARY = "libc++";
				CLANG_ENABLE_MODULES = YES;
				CLANG_ENABLE_OBJC_ARC = YES;
				CLANG_WARN_BOOL_CONVERSION = YES;
				CLANG_WARN_CONSTANT_CONVERSION = YES;
				CLANG_WARN_DIRECT_OBJC_ISA_USAGE = YES_ERROR;
				CLANG_WARN_EMPTY_BODY = YES;
				CLANG_WARN_ENUM_CONVERSION = YES;
				CLANG_WARN_INT_CONVERSION = YES;
				CLANG_WARN_OBJC_ROOT_CLASS = YES_ERROR;
				CLANG_WARN__DUPLICATE_METHOD_MATCH = YES;
				"CODE_SIGN_IDENTITY[sdk=iphoneos*]" = "iPhone Developer";
				COPY_PHASE_STRIP = YES;
				ENABLE_NS_ASSERTIONS = NO;
				GCC_C_LANGUAGE_STANDARD = gnu99;
				GCC_WARN_64_TO_32_BIT_CONVERSION = YES;
				GCC_WARN_ABOUT_RETURN_TYPE = YES_ERROR;
				GCC_WARN_UNDECLARED_SELECTOR = YES;
				GCC_WARN_UNINITIALIZED_AUTOS = YES_AGGRESSIVE;
				GCC_WARN_UNUSED_FUNCTION = YES;
				GCC_WARN_UNUSED_VARIABLE = YES;
				IPHONEOS_DEPLOYMENT_TARGET = 7.1;
				SDKROOT = iphoneos;
				TARGETED_DEVICE_FAMILY = "1,2";
				VALIDATE_PRODUCT = YES;
			};
			name = Release;
		};
		D1F9F7DA18FF7BFC00EC1467 /* Debug */ = {
			isa = XCBuildConfiguration;
			buildSettings = {
				ASSETCATALOG_COMPILER_APPICON_NAME = AppIcon;
				ASSETCATALOG_COMPILER_LAUNCHIMAGE_NAME = LaunchImage;
				GCC_PRECOMPILE_PREFIX_HEADER = YES;
				GCC_PREFIX_HEADER = "Pre-K/Pre-K-Prefix.pch";
				INFOPLIST_FILE = "Pre-K/Pre-K-Info.plist";
				PRODUCT_NAME = "$(TARGET_NAME)";
				WRAPPER_EXTENSION = app;
			};
			name = Debug;
		};
		D1F9F7DB18FF7BFC00EC1467 /* Release */ = {
			isa = XCBuildConfiguration;
			buildSettings = {
				ASSETCATALOG_COMPILER_APPICON_NAME = AppIcon;
				ASSETCATALOG_COMPILER_LAUNCHIMAGE_NAME = LaunchImage;
				GCC_PRECOMPILE_PREFIX_HEADER = YES;
				GCC_PREFIX_HEADER = "Pre-K/Pre-K-Prefix.pch";
				INFOPLIST_FILE = "Pre-K/Pre-K-Info.plist";
				PRODUCT_NAME = "$(TARGET_NAME)";
				WRAPPER_EXTENSION = app;
			};
			name = Release;
		};
		D1F9F7DD18FF7BFC00EC1467 /* Debug */ = {
			isa = XCBuildConfiguration;
			buildSettings = {
				BUNDLE_LOADER = "$(BUILT_PRODUCTS_DIR)/Pre-K.app/Pre-K";
				FRAMEWORK_SEARCH_PATHS = (
					"$(SDKROOT)/Developer/Library/Frameworks",
					"$(inherited)",
					"$(DEVELOPER_FRAMEWORKS_DIR)",
				);
				GCC_PRECOMPILE_PREFIX_HEADER = YES;
				GCC_PREFIX_HEADER = "Pre-K/Pre-K-Prefix.pch";
				GCC_PREPROCESSOR_DEFINITIONS = (
					"DEBUG=1",
					"$(inherited)",
				);
				INFOPLIST_FILE = "Pre-KTests/Pre-KTests-Info.plist";
				PRODUCT_NAME = "$(TARGET_NAME)";
				TEST_HOST = "$(BUNDLE_LOADER)";
				WRAPPER_EXTENSION = xctest;
			};
			name = Debug;
		};
		D1F9F7DE18FF7BFC00EC1467 /* Release */ = {
			isa = XCBuildConfiguration;
			buildSettings = {
				BUNDLE_LOADER = "$(BUILT_PRODUCTS_DIR)/Pre-K.app/Pre-K";
				FRAMEWORK_SEARCH_PATHS = (
					"$(SDKROOT)/Developer/Library/Frameworks",
					"$(inherited)",
					"$(DEVELOPER_FRAMEWORKS_DIR)",
				);
				GCC_PRECOMPILE_PREFIX_HEADER = YES;
				GCC_PREFIX_HEADER = "Pre-K/Pre-K-Prefix.pch";
				INFOPLIST_FILE = "Pre-KTests/Pre-KTests-Info.plist";
				PRODUCT_NAME = "$(TARGET_NAME)";
				TEST_HOST = "$(BUNDLE_LOADER)";
				WRAPPER_EXTENSION = xctest;
			};
			name = Release;
		};
/* End XCBuildConfiguration section */

/* Begin XCConfigurationList section */
		D1F9F79F18FF7BFC00EC1467 /* Build configuration list for PBXProject "Pre-K" */ = {
			isa = XCConfigurationList;
			buildConfigurations = (
				D1F9F7D718FF7BFC00EC1467 /* Debug */,
				D1F9F7D818FF7BFC00EC1467 /* Release */,
			);
			defaultConfigurationIsVisible = 0;
			defaultConfigurationName = Release;
		};
		D1F9F7D918FF7BFC00EC1467 /* Build configuration list for PBXNativeTarget "Pre-K" */ = {
			isa = XCConfigurationList;
			buildConfigurations = (
				D1F9F7DA18FF7BFC00EC1467 /* Debug */,
				D1F9F7DB18FF7BFC00EC1467 /* Release */,
			);
			defaultConfigurationIsVisible = 0;
		};
		D1F9F7DC18FF7BFC00EC1467 /* Build configuration list for PBXNativeTarget "Pre-KTests" */ = {
			isa = XCConfigurationList;
			buildConfigurations = (
				D1F9F7DD18FF7BFC00EC1467 /* Debug */,
				D1F9F7DE18FF7BFC00EC1467 /* Release */,
			);
			defaultConfigurationIsVisible = 0;
		};
/* End XCConfigurationList section */
	};
	rootObject = D1F9F79C18FF7BFC00EC1467 /* Project object */;
}
